
Microsoft Visual Studio Solution File, Format Version 12.00
# Visual Studio Version 16
VisualStudioVersion = 16.0.31313.79
MinimumVisualStudioVersion = 10.0.40219.1
Project("{FAE04EC0-301F-11D3-BF4B-00C04F79EFBC}") = "PriceTool", "PriceTool.csproj", "{98A571C2-C22F-4C28-AEDB-D378EC1B823B}"
EndProject
Project("{FAE04EC0-301F-11D3-BF4B-00C04F79EFBC}") = "PriceTool.CLI", "..\PriceTool.CLI\PriceTool.CLI.csproj", "{03200FFF-C564-45B5-A328-C7B277DA5568}"
EndProject
Project("{FAE04EC0-301F-11D3-BF4B-00C04F79EFBC}") = "PriceTool.GUI", "..\PriceTool.GUI\PriceTool.GUI.csproj", "{A192084E-9534-4A34-AB77-F75D07A89D21}"
EndProject
Global
	GlobalSection(SolutionConfigurationPlatforms) = preSolution
		Debug|Any CPU = Debug|Any CPU
		Release|Any CPU = Release|Any CPU
	EndGlobalSection
	GlobalSection(ProjectConfigurationPlatforms) = postSolution
		{98A571C2-C22F-4C28-AEDB-D378EC1B823B}.Debug|Any CPU.ActiveCfg = Debug|Any CPU
		{98A571C2-C22F-4C28-AEDB-D378EC1B823B}.Debug|Any CPU.Build.0 = Debug|Any CPU
		{98A571C2-C22F-4C28-AEDB-D378EC1B823B}.Release|Any CPU.ActiveCfg = Release|Any CPU
		{98A571C2-C22F-4C28-AEDB-D378EC1B823B}.Release|Any CPU.Build.0 = Release|Any CPU
		{03200FFF-C564-45B5-A328-C7B277DA5568}.Debug|Any CPU.ActiveCfg = Debug|Any CPU
		{03200FFF-C564-45B5-A328-C7B277DA5568}.Debug|Any CPU.Build.0 = Debug|Any CPU
		{03200FFF-C564-45B5-A328-C7B277DA5568}.Release|Any CPU.ActiveCfg = Release|Any CPU
		{03200FFF-C564-45B5-A328-C7B277DA5568}.Release|Any CPU.Build.0 = Release|Any CPU
		{A192084E-9534-4A34-AB77-F75D07A89D21}.Debug|Any CPU.ActiveCfg = Debug|Any CPU
		{A192084E-9534-4A34-AB77-F75D07A89D21}.Debug|Any CPU.Build.0 = Debug|Any CPU
		{A192084E-9534-4A34-AB77-F75D07A89D21}.Release|Any CPU.ActiveCfg = Release|Any CPU
		{A192084E-9534-4A34-AB77-F75D07A89D21}.Release|Any CPU.Build.0 = Release|Any CPU
	EndGlobalSection
	GlobalSection(SolutionProperties) = preSolution
		HideSolutionNode = FALSE
	EndGlobalSection
	GlobalSection(ExtensibilityGlobals) = postSolution
		SolutionGuid = {7762272D-6903-4AA5-BA3E-968B7EE76871}
	EndGlobalSection
EndGlobal
